
Microsoft Visual Studio Solution File, Format Version 12.00
# Visual Studio Version 17
VisualStudioVersion = 17.7.34031.279
MinimumVisualStudioVersion = 10.0.40219.1
Project("{FAE04EC0-301F-11D3-BF4B-00C04F79EFBC}") = "E-commerce", "E-commerce\E-commerce.csproj", "{71CB2672-988D-4D65-8045-8569E93C14E3}"
EndProject
Project("{FAE04EC0-301F-11D3-BF4B-00C04F79EFBC}") = "BLL", "BLL\BLL.csproj", "{512D8DEE-9DCA-44B8-8F11-96198764354E}"
EndProject
Project("{FAE04EC0-301F-11D3-BF4B-00C04F79EFBC}") = "DAL", "DAL\DAL.csproj", "{C2C5646A-61D0-4A43-ADB2-CB487808406C}"
EndProject
Global
	GlobalSection(SolutionConfigurationPlatforms) = preSolution
		Debug|Any CPU = Debug|Any CPU
		Release|Any CPU = Release|Any CPU
	EndGlobalSection
	GlobalSection(ProjectConfigurationPlatforms) = postSolution
		{71CB2672-988D-4D65-8045-8569E93C14E3}.Debug|Any CPU.ActiveCfg = Debug|Any CPU
		{71CB2672-988D-4D65-8045-8569E93C14E3}.Debug|Any CPU.Build.0 = Debug|Any CPU
		{71CB2672-988D-4D65-8045-8569E93C14E3}.Release|Any CPU.ActiveCfg = Release|Any CPU
		{71CB2672-988D-4D65-8045-8569E93C14E3}.Release|Any CPU.Build.0 = Release|Any CPU
		{512D8DEE-9DCA-44B8-8F11-96198764354E}.Debug|Any CPU.ActiveCfg = Debug|Any CPU
		{512D8DEE-9DCA-44B8-8F11-96198764354E}.Debug|Any CPU.Build.0 = Debug|Any CPU
		{512D8DEE-9DCA-44B8-8F11-96198764354E}.Release|Any CPU.ActiveCfg = Release|Any CPU
		{512D8DEE-9DCA-44B8-8F11-96198764354E}.Release|Any CPU.Build.0 = Release|Any CPU
		{C2C5646A-61D0-4A43-ADB2-CB487808406C}.Debug|Any CPU.ActiveCfg = Debug|Any CPU
		{C2C5646A-61D0-4A43-ADB2-CB487808406C}.Debug|Any CPU.Build.0 = Debug|Any CPU
		{C2C5646A-61D0-4A43-ADB2-CB487808406C}.Release|Any CPU.ActiveCfg = Release|Any CPU
		{C2C5646A-61D0-4A43-ADB2-CB487808406C}.Release|Any CPU.Build.0 = Release|Any CPU
	EndGlobalSection
	GlobalSection(SolutionProperties) = preSolution
		HideSolutionNode = FALSE
	EndGlobalSection
	GlobalSection(ExtensibilityGlobals) = postSolution
		SolutionGuid = {8F6943BD-31BE-440D-BD64-77B981D27191}
	EndGlobalSection
EndGlobal
